{
  "originHash" : "3812b510227b91953a003bcae4c5f54015d07a68a20a9485271dce17b735f79a",
  "pins" : [
    {
      "identity" : "wwhud",
      "kind" : "remoteSourceControl",
      "location" : "https://github.com/William-Weng/WWHUD",
      "state" : {
        "revision" : "b8db2cdf70698c073842df293cfe0946ca0690d5",
        "version" : "1.3.3"
      }
    },
    {
      "identity" : "wwmachinelearning_imagecolorizer",
      "kind" : "remoteSourceControl",
      "location" : "https://github.com/William-Weng/WWMachineLearning_ImageColorizer",
      "state" : {
        "revision" : "44540fc0a9be5af39a543bfae28be82bfaf6f059",
        "version" : "1.0.1"
      }
    },
    {
      "identity" : "wwmachinelearning_resnet50",
      "kind" : "remoteSourceControl",
      "location" : "https://github.com/William-Weng/WWMachineLearning_Resnet50",
      "state" : {
        "revision" : "84bcbe433cd6627e142cfe085c4b77967d67fe88",
        "version" : "1.1.2"
      }
    },
    {
      "identity" : "wwnetworking",
      "kind" : "remoteSourceControl",
      "location" : "https://github.com/William-Weng/WWNetworking",
      "state" : {
        "revision" : "141032e2894b6b25fabfbaef97e96363a2027f33",
        "version" : "1.8.0"
      }
    }
  ],
  "version" : 3
}
