{
  "originHash" : "3812b510227b91953a003bcae4c5f54015d07a68a20a9485271dce17b735f79a",
  "pins" : [
    {
      "identity" : "wwhud",
      "kind" : "remoteSourceControl",
      "location" : "https://github.com/William-Weng/WWHUD",
      "state" : {
        "revision" : "bbdff687c88964328b17002bdf347451117355f5",
        "version" : "1.5.1"
      }
    },
    {
      "identity" : "wwmachinelearning_imagecolorizer",
      "kind" : "remoteSourceControl",
      "location" : "https://github.com/William-Weng/WWMachineLearning_ImageColorizer",
      "state" : {
        "revision" : "66424d87f8b9299fafec72690698751c91517a14",
        "version" : "1.1.0"
      }
    },
    {
      "identity" : "wwmachinelearning_resnet50",
      "kind" : "remoteSourceControl",
      "location" : "https://github.com/William-Weng/WWMachineLearning_Resnet50",
      "state" : {
        "revision" : "e95bebed41d4a437e319429ac1fb77eecd02d85f",
        "version" : "1.1.4"
      }
    },
    {
      "identity" : "wwnetworking",
      "kind" : "remoteSourceControl",
      "location" : "https://github.com/William-Weng/WWNetworking",
      "state" : {
        "revision" : "48b103af5d09c4b3c56b184942e670ddf8dc5e92",
        "version" : "1.8.12"
      }
    }
  ],
  "version" : 3
}
