{
  "originHash" : "664de1c94b99dab30dd189666dedf2ef5445a896a1f7e2c113cfd06cbe1c17b2",
  "pins" : [
    {
      "identity" : "wwhud",
      "kind" : "remoteSourceControl",
      "location" : "https://github.com/William-Weng/WWHUD",
      "state" : {
        "revision" : "c60fc05a3033eafa736bd591e7041d79b5f6f209",
        "version" : "1.4.0"
      }
    },
    {
      "identity" : "wwmachinelearning_imagecolorizer",
      "kind" : "remoteSourceControl",
      "location" : "https://github.com/William-Weng/WWMachineLearning_ImageColorizer.git",
      "state" : {
        "revision" : "8059d779c1c4a132fa82668afcfe3ff9b94ba983",
        "version" : "1.0.2"
      }
    },
    {
      "identity" : "wwmachinelearning_resnet50",
      "kind" : "remoteSourceControl",
      "location" : "https://github.com/William-Weng/WWMachineLearning_Resnet50",
      "state" : {
        "revision" : "b0bcd62c5ec8f860f22abfc882bf24aa9234035a",
        "version" : "1.1.3"
      }
    },
    {
      "identity" : "wwnetworking",
      "kind" : "remoteSourceControl",
      "location" : "https://github.com/William-Weng/WWNetworking",
      "state" : {
        "revision" : "141032e2894b6b25fabfbaef97e96363a2027f33",
        "version" : "1.8.0"
      }
    }
  ],
  "version" : 3
}
